
Microsoft Visual Studio Solution File, Format Version 12.00
# Visual Studio Version 17
VisualStudioVersion = 17.3.32819.101
MinimumVisualStudioVersion = 10.0.40219.1
Project("{9A19103F-16F7-4668-BE54-9A1E7A4F7556}") = "Project2_Final1", "Project2_Final1.csproj", "{EF840BFA-6466-47F5-88A6-F0CCC38BB077}"
EndProject
Global
	GlobalSection(SolutionConfigurationPlatforms) = preSolution
		Debug|Any CPU = Debug|Any CPU
		Release|Any CPU = Release|Any CPU
	EndGlobalSection
	GlobalSection(ProjectConfigurationPlatforms) = postSolution
		{EF840BFA-6466-47F5-88A6-F0CCC38BB077}.Debug|Any CPU.ActiveCfg = Debug|Any CPU
		{EF840BFA-6466-47F5-88A6-F0CCC38BB077}.Debug|Any CPU.Build.0 = Debug|Any CPU
		{EF840BFA-6466-47F5-88A6-F0CCC38BB077}.Release|Any CPU.ActiveCfg = Release|Any CPU
		{EF840BFA-6466-47F5-88A6-F0CCC38BB077}.Release|Any CPU.Build.0 = Release|Any CPU
	EndGlobalSection
	GlobalSection(SolutionProperties) = preSolution
		HideSolutionNode = FALSE
	EndGlobalSection
	GlobalSection(ExtensibilityGlobals) = postSolution
		SolutionGuid = {42B9DC8C-7726-4375-9D4D-D63D1A0C2E85}
	EndGlobalSection
EndGlobal
